
Microsoft Visual Studio Solution File, Format Version 12.00
# Visual Studio Version 16
VisualStudioVersion = 16.0.30907.101
MinimumVisualStudioVersion = 10.0.40219.1
Project("{FAE04EC0-301F-11D3-BF4B-00C04F79EFBC}") = "DemoBookStore.Api.Rest", "DemoBookStore.Api.Rest\DemoBookStore.Api.Rest.csproj", "{5CD3A0B5-27EC-4459-95E5-18FC36525EEE}"
EndProject
Project("{FAE04EC0-301F-11D3-BF4B-00C04F79EFBC}") = "DemoBookStore.Api.GraphQl", "DemoBookStore.Api.GraphQl\DemoBookStore.Api.GraphQl.csproj", "{2D1BE2B3-900E-4FDF-A121-355D1B92BC99}"
EndProject
Project("{FAE04EC0-301F-11D3-BF4B-00C04F79EFBC}") = "DemoBookStore.Api.Grpc", "DemoBookStore.Api.Grpc\DemoBookStore.Api.Grpc.csproj", "{43C80910-D642-4A45-AA42-95CDBCC41F7D}"
EndProject
Project("{FAE04EC0-301F-11D3-BF4B-00C04F79EFBC}") = "DemoBookStore.Domain", "DemoBookStore.Domain\DemoBookStore.Domain.csproj", "{44E49176-81BE-4986-A671-5A3711651F0C}"
EndProject
Project("{FAE04EC0-301F-11D3-BF4B-00C04F79EFBC}") = "DemoBookStore.Application", "DemoBookStore.Application\DemoBookStore.Application.csproj", "{06576D97-03C3-41C7-ABD5-4771B1D4F57F}"
EndProject
Project("{FAE04EC0-301F-11D3-BF4B-00C04F79EFBC}") = "DemoBookStore.Domain.UnitTests", "DemoBookStore.Domain.UnitTests\DemoBookStore.Domain.UnitTests.csproj", "{235D60EA-1458-4EAC-A4BD-97D4A951F295}"
EndProject
Project("{FAE04EC0-301F-11D3-BF4B-00C04F79EFBC}") = "DemoBookStore.Application.Unit.Tests", "DemoBookStore.Application.Unit.Tests\DemoBookStore.Application.Unit.Tests.csproj", "{2FB1B729-AA06-4692-AE58-73195E98BB06}"
EndProject
Global
	GlobalSection(SolutionConfigurationPlatforms) = preSolution
		Debug|Any CPU = Debug|Any CPU
		Release|Any CPU = Release|Any CPU
	EndGlobalSection
	GlobalSection(ProjectConfigurationPlatforms) = postSolution
		{5CD3A0B5-27EC-4459-95E5-18FC36525EEE}.Debug|Any CPU.ActiveCfg = Debug|Any CPU
		{5CD3A0B5-27EC-4459-95E5-18FC36525EEE}.Debug|Any CPU.Build.0 = Debug|Any CPU
		{5CD3A0B5-27EC-4459-95E5-18FC36525EEE}.Release|Any CPU.ActiveCfg = Release|Any CPU
		{5CD3A0B5-27EC-4459-95E5-18FC36525EEE}.Release|Any CPU.Build.0 = Release|Any CPU
		{2D1BE2B3-900E-4FDF-A121-355D1B92BC99}.Debug|Any CPU.ActiveCfg = Debug|Any CPU
		{2D1BE2B3-900E-4FDF-A121-355D1B92BC99}.Debug|Any CPU.Build.0 = Debug|Any CPU
		{2D1BE2B3-900E-4FDF-A121-355D1B92BC99}.Release|Any CPU.ActiveCfg = Release|Any CPU
		{2D1BE2B3-900E-4FDF-A121-355D1B92BC99}.Release|Any CPU.Build.0 = Release|Any CPU
		{43C80910-D642-4A45-AA42-95CDBCC41F7D}.Debug|Any CPU.ActiveCfg = Debug|Any CPU
		{43C80910-D642-4A45-AA42-95CDBCC41F7D}.Debug|Any CPU.Build.0 = Debug|Any CPU
		{43C80910-D642-4A45-AA42-95CDBCC41F7D}.Release|Any CPU.ActiveCfg = Release|Any CPU
		{43C80910-D642-4A45-AA42-95CDBCC41F7D}.Release|Any CPU.Build.0 = Release|Any CPU
		{44E49176-81BE-4986-A671-5A3711651F0C}.Debug|Any CPU.ActiveCfg = Debug|Any CPU
		{44E49176-81BE-4986-A671-5A3711651F0C}.Debug|Any CPU.Build.0 = Debug|Any CPU
		{44E49176-81BE-4986-A671-5A3711651F0C}.Release|Any CPU.ActiveCfg = Release|Any CPU
		{44E49176-81BE-4986-A671-5A3711651F0C}.Release|Any CPU.Build.0 = Release|Any CPU
		{06576D97-03C3-41C7-ABD5-4771B1D4F57F}.Debug|Any CPU.ActiveCfg = Debug|Any CPU
		{06576D97-03C3-41C7-ABD5-4771B1D4F57F}.Debug|Any CPU.Build.0 = Debug|Any CPU
		{06576D97-03C3-41C7-ABD5-4771B1D4F57F}.Release|Any CPU.ActiveCfg = Release|Any CPU
		{06576D97-03C3-41C7-ABD5-4771B1D4F57F}.Release|Any CPU.Build.0 = Release|Any CPU
		{235D60EA-1458-4EAC-A4BD-97D4A951F295}.Debug|Any CPU.ActiveCfg = Debug|Any CPU
		{235D60EA-1458-4EAC-A4BD-97D4A951F295}.Debug|Any CPU.Build.0 = Debug|Any CPU
		{235D60EA-1458-4EAC-A4BD-97D4A951F295}.Release|Any CPU.ActiveCfg = Release|Any CPU
		{235D60EA-1458-4EAC-A4BD-97D4A951F295}.Release|Any CPU.Build.0 = Release|Any CPU
		{2FB1B729-AA06-4692-AE58-73195E98BB06}.Debug|Any CPU.ActiveCfg = Debug|Any CPU
		{2FB1B729-AA06-4692-AE58-73195E98BB06}.Debug|Any CPU.Build.0 = Debug|Any CPU
		{2FB1B729-AA06-4692-AE58-73195E98BB06}.Release|Any CPU.ActiveCfg = Release|Any CPU
		{2FB1B729-AA06-4692-AE58-73195E98BB06}.Release|Any CPU.Build.0 = Release|Any CPU
	EndGlobalSection
	GlobalSection(SolutionProperties) = preSolution
		HideSolutionNode = FALSE
	EndGlobalSection
	GlobalSection(ExtensibilityGlobals) = postSolution
		SolutionGuid = {1005F60E-D346-418E-9AFD-745A2AD4FAD0}
	EndGlobalSection
EndGlobal
